
Microsoft Visual Studio Solution File, Format Version 12.00
# Visual Studio Version 16
VisualStudioVersion = 16.0.34114.132
MinimumVisualStudioVersion = 10.0.40219.1
Project("{FAE04EC0-301F-11D3-BF4B-00C04F79EFBC}") = "SalarioFuncionario", "SalarioFuncionario\SalarioFuncionario.csproj", "{E02391A8-B2DB-4907-A980-D4AAEEB7A92B}"
EndProject
Global
	GlobalSection(SolutionConfigurationPlatforms) = preSolution
		Debug|Any CPU = Debug|Any CPU
		Release|Any CPU = Release|Any CPU
	EndGlobalSection
	GlobalSection(ProjectConfigurationPlatforms) = postSolution
		{E02391A8-B2DB-4907-A980-D4AAEEB7A92B}.Debug|Any CPU.ActiveCfg = Debug|Any CPU
		{E02391A8-B2DB-4907-A980-D4AAEEB7A92B}.Debug|Any CPU.Build.0 = Debug|Any CPU
		{E02391A8-B2DB-4907-A980-D4AAEEB7A92B}.Release|Any CPU.ActiveCfg = Release|Any CPU
		{E02391A8-B2DB-4907-A980-D4AAEEB7A92B}.Release|Any CPU.Build.0 = Release|Any CPU
	EndGlobalSection
	GlobalSection(SolutionProperties) = preSolution
		HideSolutionNode = FALSE
	EndGlobalSection
	GlobalSection(ExtensibilityGlobals) = postSolution
		SolutionGuid = {3D8889BC-9D48-4AA4-A854-9B23C9D4D876}
	EndGlobalSection
EndGlobal
